
Microsoft Visual Studio Solution File, Format Version 12.00
# Visual Studio Version 17
VisualStudioVersion = 17.4.33205.214
MinimumVisualStudioVersion = 10.0.40219.1
Project("{2150E333-8FDC-42A3-9474-1A3956D46DE8}") = "Services", "Services", "{52DF7EBC-D85C-4EEC-B63E-055B9B73AB37}"
EndProject
Project("{2150E333-8FDC-42A3-9474-1A3956D46DE8}") = "WebApps", "WebApps", "{2D04D331-0804-47E6-AB17-4EA4C9AF4438}"
EndProject
Project("{2150E333-8FDC-42A3-9474-1A3956D46DE8}") = "Cadastros", "Cadastros", "{BEF0E922-7986-4AE7-82E5-18549D7CCC5A}"
EndProject
Project("{2150E333-8FDC-42A3-9474-1A3956D46DE8}") = "Catalogo", "Catalogo", "{7410680D-A094-411E-B7EA-3D1D6684FEDC}"
EndProject
Project("{2150E333-8FDC-42A3-9474-1A3956D46DE8}") = "Core", "Core", "{BCE3D78A-03E7-4781-BC97-399CDF28E0A2}"
EndProject
Project("{2150E333-8FDC-42A3-9474-1A3956D46DE8}") = "Fiscal", "Fiscal", "{46F00EB9-7484-4830-9762-7F5BE69C0BB3}"
EndProject
Project("{2150E333-8FDC-42A3-9474-1A3956D46DE8}") = "Pagamentos", "Pagamentos", "{59E22B8C-26C6-4E7A-804C-477A3D7C9ED4}"
EndProject
Project("{2150E333-8FDC-42A3-9474-1A3956D46DE8}") = "Vendas", "Vendas", "{93FAD77B-5D70-4C29-A271-80FDBCC854B5}"
EndProject
Project("{9A19103F-16F7-4668-BE54-9A1E7A4F7556}") = "NerdStoreDDD.Catalogo.Domain", "src\NerdStoreDDD.Catalogo.Domain\NerdStoreDDD.Catalogo.Domain.csproj", "{54323213-04EA-4688-8925-F77575AAF8F8}"
EndProject
Project("{9A19103F-16F7-4668-BE54-9A1E7A4F7556}") = "NerdStoreDDD.Core", "src\NerdStoreDDD.Core\NerdStoreDDD.Core.csproj", "{7A3DF386-FC27-4377-AF3A-DE86D8266067}"
EndProject
Project("{2150E333-8FDC-42A3-9474-1A3956D46DE8}") = "Tests", "Tests", "{CF5FADF6-5195-4216-885D-15192592246F}"
EndProject
Project("{9A19103F-16F7-4668-BE54-9A1E7A4F7556}") = "NerdStoreDDD.Catalogo.Domain.Tests", "tests\NerdStoreDDD.Catalogo.Domain.Tests\NerdStoreDDD.Catalogo.Domain.Tests.csproj", "{D9720055-BD49-4C01-B048-713ABF561D31}"
EndProject
Project("{9A19103F-16F7-4668-BE54-9A1E7A4F7556}") = "NerdStoreDDD.Catalogo.Data", "src\NerdStoreDDD.Catalogo.Data\NerdStoreDDD.Catalogo.Data.csproj", "{1E1DC097-EE37-44D0-BC84-98824391AC8F}"
EndProject
Project("{FAE04EC0-301F-11D3-BF4B-00C04F79EFBC}") = "NerdStoreDDD.Catalogo.Application", "src\NerdStoreDDD.Catalogo.Application\NerdStoreDDD.Catalogo.Application.csproj", "{C25E9488-7710-4743-B4E0-9DEAACE673B1}"
EndProject
Project("{FAE04EC0-301F-11D3-BF4B-00C04F79EFBC}") = "NerdStoreDDD.WebApp.MVC", "src\NerdStoreDDD.WebApp.MVC\NerdStoreDDD.WebApp.MVC.csproj", "{3BF792AC-098C-4EB3-BCDB-BE2EEB180123}"
EndProject
Global
	GlobalSection(SolutionConfigurationPlatforms) = preSolution
		Debug|Any CPU = Debug|Any CPU
		Release|Any CPU = Release|Any CPU
	EndGlobalSection
	GlobalSection(ProjectConfigurationPlatforms) = postSolution
		{54323213-04EA-4688-8925-F77575AAF8F8}.Debug|Any CPU.ActiveCfg = Debug|Any CPU
		{54323213-04EA-4688-8925-F77575AAF8F8}.Debug|Any CPU.Build.0 = Debug|Any CPU
		{54323213-04EA-4688-8925-F77575AAF8F8}.Release|Any CPU.ActiveCfg = Release|Any CPU
		{54323213-04EA-4688-8925-F77575AAF8F8}.Release|Any CPU.Build.0 = Release|Any CPU
		{7A3DF386-FC27-4377-AF3A-DE86D8266067}.Debug|Any CPU.ActiveCfg = Debug|Any CPU
		{7A3DF386-FC27-4377-AF3A-DE86D8266067}.Debug|Any CPU.Build.0 = Debug|Any CPU
		{7A3DF386-FC27-4377-AF3A-DE86D8266067}.Release|Any CPU.ActiveCfg = Release|Any CPU
		{7A3DF386-FC27-4377-AF3A-DE86D8266067}.Release|Any CPU.Build.0 = Release|Any CPU
		{D9720055-BD49-4C01-B048-713ABF561D31}.Debug|Any CPU.ActiveCfg = Debug|Any CPU
		{D9720055-BD49-4C01-B048-713ABF561D31}.Debug|Any CPU.Build.0 = Debug|Any CPU
		{D9720055-BD49-4C01-B048-713ABF561D31}.Release|Any CPU.ActiveCfg = Release|Any CPU
		{D9720055-BD49-4C01-B048-713ABF561D31}.Release|Any CPU.Build.0 = Release|Any CPU
		{1E1DC097-EE37-44D0-BC84-98824391AC8F}.Debug|Any CPU.ActiveCfg = Debug|Any CPU
		{1E1DC097-EE37-44D0-BC84-98824391AC8F}.Debug|Any CPU.Build.0 = Debug|Any CPU
		{1E1DC097-EE37-44D0-BC84-98824391AC8F}.Release|Any CPU.ActiveCfg = Release|Any CPU
		{1E1DC097-EE37-44D0-BC84-98824391AC8F}.Release|Any CPU.Build.0 = Release|Any CPU
		{C25E9488-7710-4743-B4E0-9DEAACE673B1}.Debug|Any CPU.ActiveCfg = Debug|Any CPU
		{C25E9488-7710-4743-B4E0-9DEAACE673B1}.Debug|Any CPU.Build.0 = Debug|Any CPU
		{C25E9488-7710-4743-B4E0-9DEAACE673B1}.Release|Any CPU.ActiveCfg = Release|Any CPU
		{C25E9488-7710-4743-B4E0-9DEAACE673B1}.Release|Any CPU.Build.0 = Release|Any CPU
		{3BF792AC-098C-4EB3-BCDB-BE2EEB180123}.Debug|Any CPU.ActiveCfg = Debug|Any CPU
		{3BF792AC-098C-4EB3-BCDB-BE2EEB180123}.Debug|Any CPU.Build.0 = Debug|Any CPU
		{3BF792AC-098C-4EB3-BCDB-BE2EEB180123}.Release|Any CPU.ActiveCfg = Release|Any CPU
		{3BF792AC-098C-4EB3-BCDB-BE2EEB180123}.Release|Any CPU.Build.0 = Release|Any CPU
	EndGlobalSection
	GlobalSection(SolutionProperties) = preSolution
		HideSolutionNode = FALSE
	EndGlobalSection
	GlobalSection(NestedProjects) = preSolution
		{BEF0E922-7986-4AE7-82E5-18549D7CCC5A} = {52DF7EBC-D85C-4EEC-B63E-055B9B73AB37}
		{7410680D-A094-411E-B7EA-3D1D6684FEDC} = {52DF7EBC-D85C-4EEC-B63E-055B9B73AB37}
		{BCE3D78A-03E7-4781-BC97-399CDF28E0A2} = {52DF7EBC-D85C-4EEC-B63E-055B9B73AB37}
		{46F00EB9-7484-4830-9762-7F5BE69C0BB3} = {52DF7EBC-D85C-4EEC-B63E-055B9B73AB37}
		{59E22B8C-26C6-4E7A-804C-477A3D7C9ED4} = {52DF7EBC-D85C-4EEC-B63E-055B9B73AB37}
		{93FAD77B-5D70-4C29-A271-80FDBCC854B5} = {52DF7EBC-D85C-4EEC-B63E-055B9B73AB37}
		{54323213-04EA-4688-8925-F77575AAF8F8} = {7410680D-A094-411E-B7EA-3D1D6684FEDC}
		{7A3DF386-FC27-4377-AF3A-DE86D8266067} = {BCE3D78A-03E7-4781-BC97-399CDF28E0A2}
		{CF5FADF6-5195-4216-885D-15192592246F} = {7410680D-A094-411E-B7EA-3D1D6684FEDC}
		{D9720055-BD49-4C01-B048-713ABF561D31} = {CF5FADF6-5195-4216-885D-15192592246F}
		{1E1DC097-EE37-44D0-BC84-98824391AC8F} = {7410680D-A094-411E-B7EA-3D1D6684FEDC}
		{C25E9488-7710-4743-B4E0-9DEAACE673B1} = {7410680D-A094-411E-B7EA-3D1D6684FEDC}
		{3BF792AC-098C-4EB3-BCDB-BE2EEB180123} = {2D04D331-0804-47E6-AB17-4EA4C9AF4438}
	EndGlobalSection
	GlobalSection(ExtensibilityGlobals) = postSolution
		SolutionGuid = {6249AD05-B394-470B-AE5A-BE9A4A6F2AE8}
	EndGlobalSection
EndGlobal
